
Microsoft Visual Studio Solution File, Format Version 12.00
# Visual Studio Version 16
VisualStudioVersion = 16.0.33328.57
MinimumVisualStudioVersion = 10.0.40219.1
Project("{FAE04EC0-301F-11D3-BF4B-00C04F79EFBC}") = "TheWineCellarMVC", "TheWineCellarMVC\TheWineCellarMVC.csproj", "{740DE973-3F18-4F0B-9B9D-0DD2FC45FA0E}"
EndProject
Global
	GlobalSection(SolutionConfigurationPlatforms) = preSolution
		Debug|Any CPU = Debug|Any CPU
		Release|Any CPU = Release|Any CPU
	EndGlobalSection
	GlobalSection(ProjectConfigurationPlatforms) = postSolution
		{740DE973-3F18-4F0B-9B9D-0DD2FC45FA0E}.Debug|Any CPU.ActiveCfg = Debug|Any CPU
		{740DE973-3F18-4F0B-9B9D-0DD2FC45FA0E}.Debug|Any CPU.Build.0 = Debug|Any CPU
		{740DE973-3F18-4F0B-9B9D-0DD2FC45FA0E}.Release|Any CPU.ActiveCfg = Release|Any CPU
		{740DE973-3F18-4F0B-9B9D-0DD2FC45FA0E}.Release|Any CPU.Build.0 = Release|Any CPU
	EndGlobalSection
	GlobalSection(SolutionProperties) = preSolution
		HideSolutionNode = FALSE
	EndGlobalSection
	GlobalSection(ExtensibilityGlobals) = postSolution
		SolutionGuid = {2D1D002A-4FD7-49A4-BBFA-9A10A14D9F8F}
	EndGlobalSection
EndGlobal
